# This file is automatically @generated by Cargo.
# It is not intended for manual editing.
version = 4

[[package]]
name = "tidal-api"
version = "0.1.0"

[[package]]
name = "tidal-ast"
version = "0.1.9"

[[package]]
name = "tidal-cli"
version = "0.1.10"
dependencies = [
 "tidal-parser",
 "tidal-runtime",
]

[[package]]
name = "tidal-errors"
version = "0.1.9"

[[package]]
name = "tidal-jit"
version = "0.1.10"
dependencies = [
 "tidal-ast",
]

[[package]]
name = "tidal-lexer"
version = "0.1.9"
dependencies = [
 "tidal-errors",
]

[[package]]
name = "tidal-parser"
version = "0.1.9"
dependencies = [
 "tidal-ast",
 "tidal-errors",
 "tidal-lexer",
]

[[package]]
name = "tidal-repl"
version = "0.1.12"
dependencies = [
 "tidal-errors",
 "tidal-lexer",
 "tidal-parser",
 "tidal-runtime",
]

[[package]]
name = "tidal-runtime"
version = "0.1.13"
dependencies = [
 "tidal-ast",
 "tidal-errors",
 "tidal-jit",
 "tidal-vm",
]

[[package]]
name = "tidal-vm"
version = "0.1.2"
dependencies = [
 "tidal-ast",
 "tidal-errors",
]
